
Microsoft Visual Studio Solution File, Format Version 12.00
# Visual Studio Version 17
VisualStudioVersion = 17.14.36603.0
MinimumVisualStudioVersion = 10.0.40219.1
Project("{8BC9CEB8-8B4A-11D0-8D11-00A0C91BC942}") = "MyList", "MyList\MyList.vcxproj", "{1DB64AB0-542F-4492-B453-58716D3051F8}"
EndProject
Project("{8BC9CEB8-8B4A-11D0-8D11-00A0C91BC942}") = "tree", "tree\tree.vcxproj", "{D1AB8501-9658-4978-9E8B-377FE2832029}"
EndProject
Project("{8BC9CEB8-8B4A-11D0-8D11-00A0C91BC942}") = "MergeTwoList", "MetgeTwoList\MetgeTwoList.vcxproj", "{A859A5E4-061B-4D0B-9039-FC6A5F47D51D}"
EndProject
Project("{8BC9CEB8-8B4A-11D0-8D11-00A0C91BC942}") = "thread&mutex", "thread&mutex\thread&mutex.vcxproj", "{DFE0EBE2-5B9B-4ECD-9039-DA26761E1BF2}"
EndProject
Project("{8BC9CEB8-8B4A-11D0-8D11-00A0C91BC942}") = "thread_les1", "thread_les1\thread_les1.vcxproj", "{02FD2849-1F81-4406-BD05-7BA58CA51044}"
EndProject
Project("{8BC9CEB8-8B4A-11D0-8D11-00A0C91BC942}") = "Threads_L3", "Threads_L3\Threads_L3.vcxproj", "{6DBBFA03-96C7-4D3D-986F-80ACF0B489D4}"
EndProject
Project("{8BC9CEB8-8B4A-11D0-8D11-00A0C91BC942}") = "WatchDog", "ThreadDoc\ThreadDoc.vcxproj", "{C5BFC1C1-EEBE-43BF-A10E-0FA1D2E48B13}"
EndProject
Project("{8BC9CEB8-8B4A-11D0-8D11-00A0C91BC942}") = "templates_L1", "templates\templates.vcxproj", "{3A705C8F-FEEA-4BEB-A854-A2F95F685336}"
EndProject
Project("{8BC9CEB8-8B4A-11D0-8D11-00A0C91BC942}") = "templates_L2", "templates_L2\templates_L2.vcxproj", "{816899D0-8851-4035-8B4E-D82977939B7A}"
EndProject
Project("{8BC9CEB8-8B4A-11D0-8D11-00A0C91BC942}") = "Leet_code_tasks", "Leet_code_tasks\Leet_code_tasks.vcxproj", "{E116E358-BFC8-488D-B479-62C35D624241}"
EndProject
Project("{8BC9CEB8-8B4A-11D0-8D11-00A0C91BC942}") = "tests", "tests\tests.vcxproj", "{D7CABFAE-C5E8-4667-ABCC-1425BFC647C2}"
EndProject
Global
	GlobalSection(SolutionConfigurationPlatforms) = preSolution
		Debug|x64 = Debug|x64
		Debug|x86 = Debug|x86
		Release|x64 = Release|x64
		Release|x86 = Release|x86
	EndGlobalSection
	GlobalSection(ProjectConfigurationPlatforms) = postSolution
		{1DB64AB0-542F-4492-B453-58716D3051F8}.Debug|x64.ActiveCfg = Debug|x64
		{1DB64AB0-542F-4492-B453-58716D3051F8}.Debug|x64.Build.0 = Debug|x64
		{1DB64AB0-542F-4492-B453-58716D3051F8}.Debug|x86.ActiveCfg = Debug|Win32
		{1DB64AB0-542F-4492-B453-58716D3051F8}.Debug|x86.Build.0 = Debug|Win32
		{1DB64AB0-542F-4492-B453-58716D3051F8}.Release|x64.ActiveCfg = Release|x64
		{1DB64AB0-542F-4492-B453-58716D3051F8}.Release|x64.Build.0 = Release|x64
		{1DB64AB0-542F-4492-B453-58716D3051F8}.Release|x86.ActiveCfg = Release|Win32
		{1DB64AB0-542F-4492-B453-58716D3051F8}.Release|x86.Build.0 = Release|Win32
		{D1AB8501-9658-4978-9E8B-377FE2832029}.Debug|x64.ActiveCfg = Debug|x64
		{D1AB8501-9658-4978-9E8B-377FE2832029}.Debug|x64.Build.0 = Debug|x64
		{D1AB8501-9658-4978-9E8B-377FE2832029}.Debug|x86.ActiveCfg = Debug|Win32
		{D1AB8501-9658-4978-9E8B-377FE2832029}.Debug|x86.Build.0 = Debug|Win32
		{D1AB8501-9658-4978-9E8B-377FE2832029}.Release|x64.ActiveCfg = Release|x64
		{D1AB8501-9658-4978-9E8B-377FE2832029}.Release|x64.Build.0 = Release|x64
		{D1AB8501-9658-4978-9E8B-377FE2832029}.Release|x86.ActiveCfg = Release|Win32
		{D1AB8501-9658-4978-9E8B-377FE2832029}.Release|x86.Build.0 = Release|Win32
		{A859A5E4-061B-4D0B-9039-FC6A5F47D51D}.Debug|x64.ActiveCfg = Debug|x64
		{A859A5E4-061B-4D0B-9039-FC6A5F47D51D}.Debug|x64.Build.0 = Debug|x64
		{A859A5E4-061B-4D0B-9039-FC6A5F47D51D}.Debug|x86.ActiveCfg = Debug|Win32
		{A859A5E4-061B-4D0B-9039-FC6A5F47D51D}.Debug|x86.Build.0 = Debug|Win32
		{A859A5E4-061B-4D0B-9039-FC6A5F47D51D}.Release|x64.ActiveCfg = Release|x64
		{A859A5E4-061B-4D0B-9039-FC6A5F47D51D}.Release|x64.Build.0 = Release|x64
		{A859A5E4-061B-4D0B-9039-FC6A5F47D51D}.Release|x86.ActiveCfg = Release|Win32
		{A859A5E4-061B-4D0B-9039-FC6A5F47D51D}.Release|x86.Build.0 = Release|Win32
		{DFE0EBE2-5B9B-4ECD-9039-DA26761E1BF2}.Debug|x64.ActiveCfg = Debug|x64
		{DFE0EBE2-5B9B-4ECD-9039-DA26761E1BF2}.Debug|x64.Build.0 = Debug|x64
		{DFE0EBE2-5B9B-4ECD-9039-DA26761E1BF2}.Debug|x86.ActiveCfg = Debug|Win32
		{DFE0EBE2-5B9B-4ECD-9039-DA26761E1BF2}.Debug|x86.Build.0 = Debug|Win32
		{DFE0EBE2-5B9B-4ECD-9039-DA26761E1BF2}.Release|x64.ActiveCfg = Release|x64
		{DFE0EBE2-5B9B-4ECD-9039-DA26761E1BF2}.Release|x64.Build.0 = Release|x64
		{DFE0EBE2-5B9B-4ECD-9039-DA26761E1BF2}.Release|x86.ActiveCfg = Release|Win32
		{DFE0EBE2-5B9B-4ECD-9039-DA26761E1BF2}.Release|x86.Build.0 = Release|Win32
		{02FD2849-1F81-4406-BD05-7BA58CA51044}.Debug|x64.ActiveCfg = Debug|x64
		{02FD2849-1F81-4406-BD05-7BA58CA51044}.Debug|x64.Build.0 = Debug|x64
		{02FD2849-1F81-4406-BD05-7BA58CA51044}.Debug|x86.ActiveCfg = Debug|Win32
		{02FD2849-1F81-4406-BD05-7BA58CA51044}.Debug|x86.Build.0 = Debug|Win32
		{02FD2849-1F81-4406-BD05-7BA58CA51044}.Release|x64.ActiveCfg = Release|x64
		{02FD2849-1F81-4406-BD05-7BA58CA51044}.Release|x64.Build.0 = Release|x64
		{02FD2849-1F81-4406-BD05-7BA58CA51044}.Release|x86.ActiveCfg = Release|Win32
		{02FD2849-1F81-4406-BD05-7BA58CA51044}.Release|x86.Build.0 = Release|Win32
		{6DBBFA03-96C7-4D3D-986F-80ACF0B489D4}.Debug|x64.ActiveCfg = Debug|x64
		{6DBBFA03-96C7-4D3D-986F-80ACF0B489D4}.Debug|x64.Build.0 = Debug|x64
		{6DBBFA03-96C7-4D3D-986F-80ACF0B489D4}.Debug|x86.ActiveCfg = Debug|Win32
		{6DBBFA03-96C7-4D3D-986F-80ACF0B489D4}.Debug|x86.Build.0 = Debug|Win32
		{6DBBFA03-96C7-4D3D-986F-80ACF0B489D4}.Release|x64.ActiveCfg = Release|x64
		{6DBBFA03-96C7-4D3D-986F-80ACF0B489D4}.Release|x64.Build.0 = Release|x64
		{6DBBFA03-96C7-4D3D-986F-80ACF0B489D4}.Release|x86.ActiveCfg = Release|Win32
		{6DBBFA03-96C7-4D3D-986F-80ACF0B489D4}.Release|x86.Build.0 = Release|Win32
		{C5BFC1C1-EEBE-43BF-A10E-0FA1D2E48B13}.Debug|x64.ActiveCfg = Debug|x64
		{C5BFC1C1-EEBE-43BF-A10E-0FA1D2E48B13}.Debug|x64.Build.0 = Debug|x64
		{C5BFC1C1-EEBE-43BF-A10E-0FA1D2E48B13}.Debug|x86.ActiveCfg = Debug|Win32
		{C5BFC1C1-EEBE-43BF-A10E-0FA1D2E48B13}.Debug|x86.Build.0 = Debug|Win32
		{C5BFC1C1-EEBE-43BF-A10E-0FA1D2E48B13}.Release|x64.ActiveCfg = Release|x64
		{C5BFC1C1-EEBE-43BF-A10E-0FA1D2E48B13}.Release|x64.Build.0 = Release|x64
		{C5BFC1C1-EEBE-43BF-A10E-0FA1D2E48B13}.Release|x86.ActiveCfg = Release|Win32
		{C5BFC1C1-EEBE-43BF-A10E-0FA1D2E48B13}.Release|x86.Build.0 = Release|Win32
		{3A705C8F-FEEA-4BEB-A854-A2F95F685336}.Debug|x64.ActiveCfg = Debug|x64
		{3A705C8F-FEEA-4BEB-A854-A2F95F685336}.Debug|x64.Build.0 = Debug|x64
		{3A705C8F-FEEA-4BEB-A854-A2F95F685336}.Debug|x86.ActiveCfg = Debug|Win32
		{3A705C8F-FEEA-4BEB-A854-A2F95F685336}.Debug|x86.Build.0 = Debug|Win32
		{3A705C8F-FEEA-4BEB-A854-A2F95F685336}.Release|x64.ActiveCfg = Release|x64
		{3A705C8F-FEEA-4BEB-A854-A2F95F685336}.Release|x64.Build.0 = Release|x64
		{3A705C8F-FEEA-4BEB-A854-A2F95F685336}.Release|x86.ActiveCfg = Release|Win32
		{3A705C8F-FEEA-4BEB-A854-A2F95F685336}.Release|x86.Build.0 = Release|Win32
		{816899D0-8851-4035-8B4E-D82977939B7A}.Debug|x64.ActiveCfg = Debug|x64
		{816899D0-8851-4035-8B4E-D82977939B7A}.Debug|x64.Build.0 = Debug|x64
		{816899D0-8851-4035-8B4E-D82977939B7A}.Debug|x86.ActiveCfg = Debug|Win32
		{816899D0-8851-4035-8B4E-D82977939B7A}.Debug|x86.Build.0 = Debug|Win32
		{816899D0-8851-4035-8B4E-D82977939B7A}.Release|x64.ActiveCfg = Release|x64
		{816899D0-8851-4035-8B4E-D82977939B7A}.Release|x64.Build.0 = Release|x64
		{816899D0-8851-4035-8B4E-D82977939B7A}.Release|x86.ActiveCfg = Release|Win32
		{816899D0-8851-4035-8B4E-D82977939B7A}.Release|x86.Build.0 = Release|Win32
		{E116E358-BFC8-488D-B479-62C35D624241}.Debug|x64.ActiveCfg = Debug|x64
		{E116E358-BFC8-488D-B479-62C35D624241}.Debug|x64.Build.0 = Debug|x64
		{E116E358-BFC8-488D-B479-62C35D624241}.Debug|x86.ActiveCfg = Debug|Win32
		{E116E358-BFC8-488D-B479-62C35D624241}.Debug|x86.Build.0 = Debug|Win32
		{E116E358-BFC8-488D-B479-62C35D624241}.Release|x64.ActiveCfg = Release|x64
		{E116E358-BFC8-488D-B479-62C35D624241}.Release|x64.Build.0 = Release|x64
		{E116E358-BFC8-488D-B479-62C35D624241}.Release|x86.ActiveCfg = Release|Win32
		{E116E358-BFC8-488D-B479-62C35D624241}.Release|x86.Build.0 = Release|Win32
		{D7CABFAE-C5E8-4667-ABCC-1425BFC647C2}.Debug|x64.ActiveCfg = Debug|x64
		{D7CABFAE-C5E8-4667-ABCC-1425BFC647C2}.Debug|x64.Build.0 = Debug|x64
		{D7CABFAE-C5E8-4667-ABCC-1425BFC647C2}.Debug|x86.ActiveCfg = Debug|Win32
		{D7CABFAE-C5E8-4667-ABCC-1425BFC647C2}.Debug|x86.Build.0 = Debug|Win32
		{D7CABFAE-C5E8-4667-ABCC-1425BFC647C2}.Release|x64.ActiveCfg = Release|x64
		{D7CABFAE-C5E8-4667-ABCC-1425BFC647C2}.Release|x64.Build.0 = Release|x64
		{D7CABFAE-C5E8-4667-ABCC-1425BFC647C2}.Release|x86.ActiveCfg = Release|Win32
		{D7CABFAE-C5E8-4667-ABCC-1425BFC647C2}.Release|x86.Build.0 = Release|Win32
	EndGlobalSection
	GlobalSection(SolutionProperties) = preSolution
		HideSolutionNode = FALSE
	EndGlobalSection
	GlobalSection(ExtensibilityGlobals) = postSolution
		SolutionGuid = {D040C517-13A3-4CED-ABE0-7D250E08BC5C}
	EndGlobalSection
EndGlobal
